<<<<<<<< HEAD:week-8/practice_3/Cargo.lock
# This file is automatically @generated by Cargo.
# It is not intended for manual editing.
version = 4

[[package]]
name = "practice_3"
version = "0.1.0"
========
# This file is automatically @generated by Cargo.
# It is not intended for manual editing.
version = 4

[[package]]
name = "project_1"
version = "0.1.0"
>>>>>>>> 327f01dd6439a380926daa8795fe64aa24ce1fcb:week-7/project_1/Cargo.lock
